
Microsoft Visual Studio Solution File, Format Version 12.00
# Visual Studio Version 17
VisualStudioVersion = 17.6.33723.286
MinimumVisualStudioVersion = 10.0.40219.1
Project("{9A19103F-16F7-4668-BE54-9A1E7A4F7556}") = "CVAS.Testing", "CVAS.Testing\CVAS.Testing.csproj", "{A9E6FE88-5EAE-4656-B5BE-CCEB401891CE}"
EndProject
Project("{9A19103F-16F7-4668-BE54-9A1E7A4F7556}") = "CVAS.DataStructure", "CVAS.DataStructure\CVAS.DataStructure.csproj", "{A559CF5B-8924-4F51-9343-38C59B78C7C6}"
EndProject
Project("{9A19103F-16F7-4668-BE54-9A1E7A4F7556}") = "CVAS.AudioEngine", "CVAS.AudioEngine\CVAS.AudioEngine.csproj", "{A29FCBE2-A7A8-4280-BA52-47153B6C6DDF}"
EndProject
Project("{9A19103F-16F7-4668-BE54-9A1E7A4F7556}") = "CVAS.REPL", "CVAS.REPL\CVAS.REPL.csproj", "{1563A132-E404-4A9D-B70F-161797A0D5CC}"
EndProject
Project("{9A19103F-16F7-4668-BE54-9A1E7A4F7556}") = "CVAS.Main", "CVAS.Main\CVAS.Main.csproj", "{2BDCB3FC-EB95-45A1-A381-6E29E62C83E0}"
EndProject
Project("{FAE04EC0-301F-11D3-BF4B-00C04F79EFBC}") = "CVAS.FileFormats", "CVAS.FileFormats\CVAS.FileFormats.csproj", "{4390C8A4-E20B-4C1A-9535-456E1050AE4B}"
EndProject
Global
	GlobalSection(SolutionConfigurationPlatforms) = preSolution
		Debug|Any CPU = Debug|Any CPU
		Release|Any CPU = Release|Any CPU
	EndGlobalSection
	GlobalSection(ProjectConfigurationPlatforms) = postSolution
		{A9E6FE88-5EAE-4656-B5BE-CCEB401891CE}.Debug|Any CPU.ActiveCfg = Debug|Any CPU
		{A9E6FE88-5EAE-4656-B5BE-CCEB401891CE}.Debug|Any CPU.Build.0 = Debug|Any CPU
		{A9E6FE88-5EAE-4656-B5BE-CCEB401891CE}.Release|Any CPU.ActiveCfg = Release|Any CPU
		{A9E6FE88-5EAE-4656-B5BE-CCEB401891CE}.Release|Any CPU.Build.0 = Release|Any CPU
		{A559CF5B-8924-4F51-9343-38C59B78C7C6}.Debug|Any CPU.ActiveCfg = Debug|Any CPU
		{A559CF5B-8924-4F51-9343-38C59B78C7C6}.Debug|Any CPU.Build.0 = Debug|Any CPU
		{A559CF5B-8924-4F51-9343-38C59B78C7C6}.Release|Any CPU.ActiveCfg = Release|Any CPU
		{A559CF5B-8924-4F51-9343-38C59B78C7C6}.Release|Any CPU.Build.0 = Release|Any CPU
		{A29FCBE2-A7A8-4280-BA52-47153B6C6DDF}.Debug|Any CPU.ActiveCfg = Debug|Any CPU
		{A29FCBE2-A7A8-4280-BA52-47153B6C6DDF}.Debug|Any CPU.Build.0 = Debug|Any CPU
		{A29FCBE2-A7A8-4280-BA52-47153B6C6DDF}.Release|Any CPU.ActiveCfg = Release|Any CPU
		{A29FCBE2-A7A8-4280-BA52-47153B6C6DDF}.Release|Any CPU.Build.0 = Release|Any CPU
		{1563A132-E404-4A9D-B70F-161797A0D5CC}.Debug|Any CPU.ActiveCfg = Debug|Any CPU
		{1563A132-E404-4A9D-B70F-161797A0D5CC}.Debug|Any CPU.Build.0 = Debug|Any CPU
		{1563A132-E404-4A9D-B70F-161797A0D5CC}.Release|Any CPU.ActiveCfg = Release|Any CPU
		{1563A132-E404-4A9D-B70F-161797A0D5CC}.Release|Any CPU.Build.0 = Release|Any CPU
		{2BDCB3FC-EB95-45A1-A381-6E29E62C83E0}.Debug|Any CPU.ActiveCfg = Debug|Any CPU
		{2BDCB3FC-EB95-45A1-A381-6E29E62C83E0}.Debug|Any CPU.Build.0 = Debug|Any CPU
		{2BDCB3FC-EB95-45A1-A381-6E29E62C83E0}.Release|Any CPU.ActiveCfg = Release|Any CPU
		{2BDCB3FC-EB95-45A1-A381-6E29E62C83E0}.Release|Any CPU.Build.0 = Release|Any CPU
		{4390C8A4-E20B-4C1A-9535-456E1050AE4B}.Debug|Any CPU.ActiveCfg = Debug|Any CPU
		{4390C8A4-E20B-4C1A-9535-456E1050AE4B}.Debug|Any CPU.Build.0 = Debug|Any CPU
		{4390C8A4-E20B-4C1A-9535-456E1050AE4B}.Release|Any CPU.ActiveCfg = Release|Any CPU
		{4390C8A4-E20B-4C1A-9535-456E1050AE4B}.Release|Any CPU.Build.0 = Release|Any CPU
	EndGlobalSection
	GlobalSection(SolutionProperties) = preSolution
		HideSolutionNode = FALSE
	EndGlobalSection
	GlobalSection(ExtensibilityGlobals) = postSolution
		SolutionGuid = {34DBB094-9659-4EC4-8DC5-1744BE9F149B}
	EndGlobalSection
EndGlobal
