
Microsoft Visual Studio Solution File, Format Version 12.00
# Visual Studio Version 17
VisualStudioVersion = 17.6.33723.286
MinimumVisualStudioVersion = 10.0.40219.1
Project("{9A19103F-16F7-4668-BE54-9A1E7A4F7556}") = "CVAS.Core", "CVAS.Core\CVAS.Core.csproj", "{A559CF5B-8924-4F51-9343-38C59B78C7C6}"
EndProject
Project("{9A19103F-16F7-4668-BE54-9A1E7A4F7556}") = "CVAS.REPL", "CVAS.REPL\CVAS.REPL.csproj", "{1563A132-E404-4A9D-B70F-161797A0D5CC}"
EndProject
Project("{9A19103F-16F7-4668-BE54-9A1E7A4F7556}") = "CVAS.Main", "CVAS.Main\CVAS.Main.csproj", "{2BDCB3FC-EB95-45A1-A381-6E29E62C83E0}"
EndProject
Project("{9A19103F-16F7-4668-BE54-9A1E7A4F7556}") = "CVAS.FileSystem", "CVAS.FileSystem\CVAS.FileSystem.csproj", "{4390C8A4-E20B-4C1A-9535-456E1050AE4B}"
EndProject
Project("{9A19103F-16F7-4668-BE54-9A1E7A4F7556}") = "CVAS.Terminal", "CVAS.Terminal\CVAS.Terminal.csproj", "{471C84FE-518D-4D40-BBA2-92FC204E09C7}"
EndProject
Project("{9A19103F-16F7-4668-BE54-9A1E7A4F7556}") = "CVAS.CommandLine", "CVAS.CommandLine\CVAS.CommandLine.csproj", "{B943722C-66A4-4DA7-81DB-4F0AE1F8B095}"
EndProject
Project("{9A19103F-16F7-4668-BE54-9A1E7A4F7556}") = "CVAS.AudioEngine", "CVAS.AudioEngine\CVAS.AudioEngine.csproj", "{BA4C1E7A-B9EC-41F0-8241-433FD26F7004}"
EndProject
Global
	GlobalSection(SolutionConfigurationPlatforms) = preSolution
		Debug|Any CPU = Debug|Any CPU
		Release|Any CPU = Release|Any CPU
	EndGlobalSection
	GlobalSection(ProjectConfigurationPlatforms) = postSolution
		{A559CF5B-8924-4F51-9343-38C59B78C7C6}.Debug|Any CPU.ActiveCfg = Debug|Any CPU
		{A559CF5B-8924-4F51-9343-38C59B78C7C6}.Debug|Any CPU.Build.0 = Debug|Any CPU
		{A559CF5B-8924-4F51-9343-38C59B78C7C6}.Release|Any CPU.ActiveCfg = Release|Any CPU
		{A559CF5B-8924-4F51-9343-38C59B78C7C6}.Release|Any CPU.Build.0 = Release|Any CPU
		{1563A132-E404-4A9D-B70F-161797A0D5CC}.Debug|Any CPU.ActiveCfg = Debug|Any CPU
		{1563A132-E404-4A9D-B70F-161797A0D5CC}.Debug|Any CPU.Build.0 = Debug|Any CPU
		{1563A132-E404-4A9D-B70F-161797A0D5CC}.Release|Any CPU.ActiveCfg = Release|Any CPU
		{1563A132-E404-4A9D-B70F-161797A0D5CC}.Release|Any CPU.Build.0 = Release|Any CPU
		{2BDCB3FC-EB95-45A1-A381-6E29E62C83E0}.Debug|Any CPU.ActiveCfg = Debug|Any CPU
		{2BDCB3FC-EB95-45A1-A381-6E29E62C83E0}.Debug|Any CPU.Build.0 = Debug|Any CPU
		{2BDCB3FC-EB95-45A1-A381-6E29E62C83E0}.Release|Any CPU.ActiveCfg = Release|Any CPU
		{2BDCB3FC-EB95-45A1-A381-6E29E62C83E0}.Release|Any CPU.Build.0 = Release|Any CPU
		{4390C8A4-E20B-4C1A-9535-456E1050AE4B}.Debug|Any CPU.ActiveCfg = Debug|Any CPU
		{4390C8A4-E20B-4C1A-9535-456E1050AE4B}.Debug|Any CPU.Build.0 = Debug|Any CPU
		{4390C8A4-E20B-4C1A-9535-456E1050AE4B}.Release|Any CPU.ActiveCfg = Release|Any CPU
		{4390C8A4-E20B-4C1A-9535-456E1050AE4B}.Release|Any CPU.Build.0 = Release|Any CPU
		{471C84FE-518D-4D40-BBA2-92FC204E09C7}.Debug|Any CPU.ActiveCfg = Debug|Any CPU
		{471C84FE-518D-4D40-BBA2-92FC204E09C7}.Debug|Any CPU.Build.0 = Debug|Any CPU
		{471C84FE-518D-4D40-BBA2-92FC204E09C7}.Release|Any CPU.ActiveCfg = Release|Any CPU
		{471C84FE-518D-4D40-BBA2-92FC204E09C7}.Release|Any CPU.Build.0 = Release|Any CPU
		{B943722C-66A4-4DA7-81DB-4F0AE1F8B095}.Debug|Any CPU.ActiveCfg = Debug|Any CPU
		{B943722C-66A4-4DA7-81DB-4F0AE1F8B095}.Debug|Any CPU.Build.0 = Debug|Any CPU
		{B943722C-66A4-4DA7-81DB-4F0AE1F8B095}.Release|Any CPU.ActiveCfg = Release|Any CPU
		{B943722C-66A4-4DA7-81DB-4F0AE1F8B095}.Release|Any CPU.Build.0 = Release|Any CPU
		{BA4C1E7A-B9EC-41F0-8241-433FD26F7004}.Debug|Any CPU.ActiveCfg = Debug|Any CPU
		{BA4C1E7A-B9EC-41F0-8241-433FD26F7004}.Debug|Any CPU.Build.0 = Debug|Any CPU
		{BA4C1E7A-B9EC-41F0-8241-433FD26F7004}.Release|Any CPU.ActiveCfg = Release|Any CPU
		{BA4C1E7A-B9EC-41F0-8241-433FD26F7004}.Release|Any CPU.Build.0 = Release|Any CPU
	EndGlobalSection
	GlobalSection(SolutionProperties) = preSolution
		HideSolutionNode = FALSE
	EndGlobalSection
	GlobalSection(ExtensibilityGlobals) = postSolution
		SolutionGuid = {34DBB094-9659-4EC4-8DC5-1744BE9F149B}
	EndGlobalSection
EndGlobal
